// !$*UTF8*$!
{
	archiveVersion = 1;
	classes = {
	};
	objectVersion = 46;
	objects = {

/* Begin PBXBuildFile section */
		950BF934136CB4B600D42E0C /* GridViewController.m in Sources */ = {isa = PBXBuildFile; fileRef = 950BF932136CB4B600D42E0C /* GridViewController.m */; };
		95624F60136C7C5A001B96F1 /* GridView.m in Sources */ = {isa = PBXBuildFile; fileRef = 95624F5F136C7C5A001B96F1 /* GridView.m */; };
		95624F64136C7F28001B96F1 /* ABPoint.m in Sources */ = {isa = PBXBuildFile; fileRef = 95624F63136C7F28001B96F1 /* ABPoint.m */; };
		9581E43313671FB60053D07A /* Cocoa.framework in Frameworks */ = {isa = PBXBuildFile; fileRef = 9581E43213671FB60053D07A /* Cocoa.framework */; };
		9581E43D13671FB60053D07A /* InfoPlist.strings in Resources */ = {isa = PBXBuildFile; fileRef = 9581E43B13671FB60053D07A /* InfoPlist.strings */; };
		9581E44013671FB60053D07A /* main.m in Sources */ = {isa = PBXBuildFile; fileRef = 9581E43F13671FB60053D07A /* main.m */; };
		9581E44313671FB60053D07A /* Credits.rtf in Resources */ = {isa = PBXBuildFile; fileRef = 9581E44113671FB60053D07A /* Credits.rtf */; };
		9581E44613671FB70053D07A /* Supinfo_B2_DevAppDelegate.m in Sources */ = {isa = PBXBuildFile; fileRef = 9581E44513671FB70053D07A /* Supinfo_B2_DevAppDelegate.m */; };
		9581E44913671FB70053D07A /* MainMenu.xib in Resources */ = {isa = PBXBuildFile; fileRef = 9581E44713671FB70053D07A /* MainMenu.xib */; };
		9581E452136721E80053D07A /* Grid.m in Sources */ = {isa = PBXBuildFile; fileRef = 9581E451136721E80053D07A /* Grid.m */; };
		9581E455136721FA0053D07A /* GridItem.m in Sources */ = {isa = PBXBuildFile; fileRef = 9581E454136721FA0053D07A /* GridItem.m */; };
		9581E459136728C30053D07A /* NSMutableArray+Additions.m in Sources */ = {isa = PBXBuildFile; fileRef = 9581E458136728C30053D07A /* NSMutableArray+Additions.m */; };
		9581E45F1367411A0053D07A /* GridItemType.m in Sources */ = {isa = PBXBuildFile; fileRef = 9581E45E1367411A0053D07A /* GridItemType.m */; };
		95ACB1B5136CDD4500106021 /* GridViewController.xib in Resources */ = {isa = PBXBuildFile; fileRef = 95ACB1B4136CDD4500106021 /* GridViewController.xib */; };
/* End PBXBuildFile section */

/* Begin PBXFileReference section */
		950BF931136CB4B600D42E0C /* GridViewController.h */ = {isa = PBXFileReference; fileEncoding = 4; lastKnownFileType = sourcecode.c.h; path = GridViewController.h; sourceTree = "<group>"; };
		950BF932136CB4B600D42E0C /* GridViewController.m */ = {isa = PBXFileReference; fileEncoding = 4; lastKnownFileType = sourcecode.c.objc; path = GridViewController.m; sourceTree = "<group>"; };
		95624F5E136C7C5A001B96F1 /* GridView.h */ = {isa = PBXFileReference; fileEncoding = 4; lastKnownFileType = sourcecode.c.h; path = GridView.h; sourceTree = "<group>"; };
		95624F5F136C7C5A001B96F1 /* GridView.m */ = {isa = PBXFileReference; fileEncoding = 4; lastKnownFileType = sourcecode.c.objc; path = GridView.m; sourceTree = "<group>"; };
		95624F63136C7F28001B96F1 /* ABPoint.m */ = {isa = PBXFileReference; fileEncoding = 4; lastKnownFileType = sourcecode.c.objc; path = ABPoint.m; sourceTree = "<group>"; };
		9581E42E13671FB60053D07A /* Supinfo-B2-Dev.app */ = {isa = PBXFileReference; explicitFileType = wrapper.application; includeInIndex = 0; path = "Supinfo-B2-Dev.app"; sourceTree = BUILT_PRODUCTS_DIR; };
		9581E43213671FB60053D07A /* Cocoa.framework */ = {isa = PBXFileReference; lastKnownFileType = wrapper.framework; name = Cocoa.framework; path = System/Library/Frameworks/Cocoa.framework; sourceTree = SDKROOT; };
		9581E43513671FB60053D07A /* AppKit.framework */ = {isa = PBXFileReference; lastKnownFileType = wrapper.framework; name = AppKit.framework; path = System/Library/Frameworks/AppKit.framework; sourceTree = SDKROOT; };
		9581E43613671FB60053D07A /* CoreData.framework */ = {isa = PBXFileReference; lastKnownFileType = wrapper.framework; name = CoreData.framework; path = System/Library/Frameworks/CoreData.framework; sourceTree = SDKROOT; };
		9581E43713671FB60053D07A /* Foundation.framework */ = {isa = PBXFileReference; lastKnownFileType = wrapper.framework; name = Foundation.framework; path = System/Library/Frameworks/Foundation.framework; sourceTree = SDKROOT; };
		9581E43A13671FB60053D07A /* Supinfo-B2-Dev-Info.plist */ = {isa = PBXFileReference; lastKnownFileType = text.plist.xml; path = "Supinfo-B2-Dev-Info.plist"; sourceTree = "<group>"; };
		9581E43C13671FB60053D07A /* en */ = {isa = PBXFileReference; lastKnownFileType = text.plist.strings; name = en; path = en.lproj/InfoPlist.strings; sourceTree = "<group>"; };
		9581E43E13671FB60053D07A /* Supinfo-B2-Dev-Prefix.pch */ = {isa = PBXFileReference; lastKnownFileType = sourcecode.c.h; path = "Supinfo-B2-Dev-Prefix.pch"; sourceTree = "<group>"; };
		9581E43F13671FB60053D07A /* main.m */ = {isa = PBXFileReference; lastKnownFileType = sourcecode.c.objc; path = main.m; sourceTree = "<group>"; };
		9581E44213671FB60053D07A /* en */ = {isa = PBXFileReference; lastKnownFileType = text.rtf; name = en; path = en.lproj/Credits.rtf; sourceTree = "<group>"; };
		9581E44413671FB70053D07A /* Supinfo_B2_DevAppDelegate.h */ = {isa = PBXFileReference; lastKnownFileType = sourcecode.c.h; path = Supinfo_B2_DevAppDelegate.h; sourceTree = "<group>"; };
		9581E44513671FB70053D07A /* Supinfo_B2_DevAppDelegate.m */ = {isa = PBXFileReference; lastKnownFileType = sourcecode.c.objc; path = Supinfo_B2_DevAppDelegate.m; sourceTree = "<group>"; };
		9581E44813671FB70053D07A /* en */ = {isa = PBXFileReference; lastKnownFileType = file.xib; name = en; path = en.lproj/MainMenu.xib; sourceTree = "<group>"; };
		9581E450136721E80053D07A /* Grid.h */ = {isa = PBXFileReference; fileEncoding = 4; lastKnownFileType = sourcecode.c.h; path = Grid.h; sourceTree = "<group>"; };
		9581E451136721E80053D07A /* Grid.m */ = {isa = PBXFileReference; fileEncoding = 4; lastKnownFileType = sourcecode.c.objc; path = Grid.m; sourceTree = "<group>"; };
		9581E453136721FA0053D07A /* GridItem.h */ = {isa = PBXFileReference; fileEncoding = 4; lastKnownFileType = sourcecode.c.h; path = GridItem.h; sourceTree = "<group>"; };
		9581E454136721FA0053D07A /* GridItem.m */ = {isa = PBXFileReference; fileEncoding = 4; lastKnownFileType = sourcecode.c.objc; path = GridItem.m; sourceTree = "<group>"; };
		9581E457136728C30053D07A /* NSMutableArray+Additions.h */ = {isa = PBXFileReference; fileEncoding = 4; lastKnownFileType = sourcecode.c.h; path = "NSMutableArray+Additions.h"; sourceTree = "<group>"; };
		9581E458136728C30053D07A /* NSMutableArray+Additions.m */ = {isa = PBXFileReference; fileEncoding = 4; lastKnownFileType = sourcecode.c.objc; path = "NSMutableArray+Additions.m"; sourceTree = "<group>"; };
		9581E45C136733AC0053D07A /* ABPoint.h */ = {isa = PBXFileReference; fileEncoding = 4; lastKnownFileType = sourcecode.c.h; path = ABPoint.h; sourceTree = "<group>"; };
		9581E45D1367410F0053D07A /* GridItemType.h */ = {isa = PBXFileReference; fileEncoding = 4; lastKnownFileType = sourcecode.c.h; path = GridItemType.h; sourceTree = "<group>"; };
		9581E45E1367411A0053D07A /* GridItemType.m */ = {isa = PBXFileReference; fileEncoding = 4; lastKnownFileType = sourcecode.c.objc; path = GridItemType.m; sourceTree = "<group>"; };
		95ACB1B4136CDD4500106021 /* GridViewController.xib */ = {isa = PBXFileReference; fileEncoding = 4; lastKnownFileType = file.xib; path = GridViewController.xib; sourceTree = "<group>"; };
/* End PBXFileReference section */

/* Begin PBXFrameworksBuildPhase section */
		9581E42B13671FB60053D07A /* Frameworks */ = {
			isa = PBXFrameworksBuildPhase;
			buildActionMask = 2147483647;
			files = (
				9581E43313671FB60053D07A /* Cocoa.framework in Frameworks */,
			);
			runOnlyForDeploymentPostprocessing = 0;
		};
/* End PBXFrameworksBuildPhase section */

/* Begin PBXGroup section */
		950BF929136CB46600D42E0C /* Src */ = {
			isa = PBXGroup;
			children = (
				9581E45A136732450053D07A /* Type */,
				9581E456136728980053D07A /* Additions */,
			);
			name = Src;
			sourceTree = "<group>";
		};
		950BF92B136CB47D00D42E0C /* Controller */ = {
			isa = PBXGroup;
			children = (
				950BF931136CB4B600D42E0C /* GridViewController.h */,
				950BF932136CB4B600D42E0C /* GridViewController.m */,
				95ACB1B4136CDD4500106021 /* GridViewController.xib */,
			);
			name = Controller;
			sourceTree = "<group>";
		};
		95624F5C136C7C40001B96F1 /* View */ = {
			isa = PBXGroup;
			children = (
				95624F5E136C7C5A001B96F1 /* GridView.h */,
				95624F5F136C7C5A001B96F1 /* GridView.m */,
			);
			name = View;
			sourceTree = "<group>";
		};
		9581E42313671FB60053D07A = {
			isa = PBXGroup;
			children = (
				9581E43813671FB60053D07A /* Supinfo-B2-Dev */,
				9581E43113671FB60053D07A /* Frameworks */,
				9581E42F13671FB60053D07A /* Products */,
			);
			sourceTree = "<group>";
		};
		9581E42F13671FB60053D07A /* Products */ = {
			isa = PBXGroup;
			children = (
				9581E42E13671FB60053D07A /* Supinfo-B2-Dev.app */,
			);
			name = Products;
			sourceTree = "<group>";
		};
		9581E43113671FB60053D07A /* Frameworks */ = {
			isa = PBXGroup;
			children = (
				9581E43213671FB60053D07A /* Cocoa.framework */,
				9581E43413671FB60053D07A /* Other Frameworks */,
			);
			name = Frameworks;
			sourceTree = "<group>";
		};
		9581E43413671FB60053D07A /* Other Frameworks */ = {
			isa = PBXGroup;
			children = (
				9581E43513671FB60053D07A /* AppKit.framework */,
				9581E43613671FB60053D07A /* CoreData.framework */,
				9581E43713671FB60053D07A /* Foundation.framework */,
			);
			name = "Other Frameworks";
			sourceTree = "<group>";
		};
		9581E43813671FB60053D07A /* Supinfo-B2-Dev */ = {
			isa = PBXGroup;
			children = (
				950BF929136CB46600D42E0C /* Src */,
				950BF92B136CB47D00D42E0C /* Controller */,
				9581E44F136721C50053D07A /* Model */,
				95624F5C136C7C40001B96F1 /* View */,
				9581E44413671FB70053D07A /* Supinfo_B2_DevAppDelegate.h */,
				9581E44513671FB70053D07A /* Supinfo_B2_DevAppDelegate.m */,
				9581E44713671FB70053D07A /* MainMenu.xib */,
				9581E43913671FB60053D07A /* Supporting Files */,
			);
			path = "Supinfo-B2-Dev";
			sourceTree = "<group>";
		};
		9581E43913671FB60053D07A /* Supporting Files */ = {
			isa = PBXGroup;
			children = (
				9581E43A13671FB60053D07A /* Supinfo-B2-Dev-Info.plist */,
				9581E43B13671FB60053D07A /* InfoPlist.strings */,
				9581E43E13671FB60053D07A /* Supinfo-B2-Dev-Prefix.pch */,
				9581E43F13671FB60053D07A /* main.m */,
				9581E44113671FB60053D07A /* Credits.rtf */,
			);
			name = "Supporting Files";
			sourceTree = "<group>";
		};
		9581E44F136721C50053D07A /* Model */ = {
			isa = PBXGroup;
			children = (
				9581E461136742A80053D07A /* Class */,
				9581E4601367429F0053D07A /* Type */,
			);
			name = Model;
			sourceTree = "<group>";
		};
		9581E456136728980053D07A /* Additions */ = {
			isa = PBXGroup;
			children = (
				9581E457136728C30053D07A /* NSMutableArray+Additions.h */,
				9581E458136728C30053D07A /* NSMutableArray+Additions.m */,
			);
			name = Additions;
			sourceTree = "<group>";
		};
		9581E45A136732450053D07A /* Type */ = {
			isa = PBXGroup;
			children = (
				9581E45C136733AC0053D07A /* ABPoint.h */,
				95624F63136C7F28001B96F1 /* ABPoint.m */,
			);
			name = Type;
			sourceTree = "<group>";
		};
		9581E4601367429F0053D07A /* Type */ = {
			isa = PBXGroup;
			children = (
				9581E45D1367410F0053D07A /* GridItemType.h */,
				9581E45E1367411A0053D07A /* GridItemType.m */,
			);
			name = Type;
			sourceTree = "<group>";
		};
		9581E461136742A80053D07A /* Class */ = {
			isa = PBXGroup;
			children = (
				9581E450136721E80053D07A /* Grid.h */,
				9581E451136721E80053D07A /* Grid.m */,
				9581E453136721FA0053D07A /* GridItem.h */,
				9581E454136721FA0053D07A /* GridItem.m */,
			);
			name = Class;
			sourceTree = "<group>";
		};
/* End PBXGroup section */

/* Begin PBXNativeTarget section */
		9581E42D13671FB60053D07A /* Supinfo-B2-Dev */ = {
			isa = PBXNativeTarget;
			buildConfigurationList = 9581E44C13671FB70053D07A /* Build configuration list for PBXNativeTarget "Supinfo-B2-Dev" */;
			buildPhases = (
				9581E42A13671FB60053D07A /* Sources */,
				9581E42B13671FB60053D07A /* Frameworks */,
				9581E42C13671FB60053D07A /* Resources */,
			);
			buildRules = (
			);
			dependencies = (
			);
			name = "Supinfo-B2-Dev";
			productName = "Supinfo-B2-Dev";
			productReference = 9581E42E13671FB60053D07A /* Supinfo-B2-Dev.app */;
			productType = "com.apple.product-type.application";
		};
/* End PBXNativeTarget section */

/* Begin PBXProject section */
		9581E42513671FB60053D07A /* Project object */ = {
			isa = PBXProject;
			attributes = {
				ORGANIZATIONNAME = "Adrien Brault";
			};
			buildConfigurationList = 9581E42813671FB60053D07A /* Build configuration list for PBXProject "Supinfo-B2-Dev" */;
			compatibilityVersion = "Xcode 3.2";
			developmentRegion = English;
			hasScannedForEncodings = 0;
			knownRegions = (
				en,
			);
			mainGroup = 9581E42313671FB60053D07A;
			productRefGroup = 9581E42F13671FB60053D07A /* Products */;
			projectDirPath = "";
			projectRoot = "";
			targets = (
				9581E42D13671FB60053D07A /* Supinfo-B2-Dev */,
			);
		};
/* End PBXProject section */

/* Begin PBXResourcesBuildPhase section */
		9581E42C13671FB60053D07A /* Resources */ = {
			isa = PBXResourcesBuildPhase;
			buildActionMask = 2147483647;
			files = (
				9581E43D13671FB60053D07A /* InfoPlist.strings in Resources */,
				9581E44313671FB60053D07A /* Credits.rtf in Resources */,
				9581E44913671FB70053D07A /* MainMenu.xib in Resources */,
				95ACB1B5136CDD4500106021 /* GridViewController.xib in Resources */,
			);
			runOnlyForDeploymentPostprocessing = 0;
		};
/* End PBXResourcesBuildPhase section */

/* Begin PBXSourcesBuildPhase section */
		9581E42A13671FB60053D07A /* Sources */ = {
			isa = PBXSourcesBuildPhase;
			buildActionMask = 2147483647;
			files = (
				9581E44013671FB60053D07A /* main.m in Sources */,
				9581E44613671FB70053D07A /* Supinfo_B2_DevAppDelegate.m in Sources */,
				9581E452136721E80053D07A /* Grid.m in Sources */,
				9581E455136721FA0053D07A /* GridItem.m in Sources */,
				9581E459136728C30053D07A /* NSMutableArray+Additions.m in Sources */,
				9581E45F1367411A0053D07A /* GridItemType.m in Sources */,
				95624F60136C7C5A001B96F1 /* GridView.m in Sources */,
				95624F64136C7F28001B96F1 /* ABPoint.m in Sources */,
				950BF934136CB4B600D42E0C /* GridViewController.m in Sources */,
			);
			runOnlyForDeploymentPostprocessing = 0;
		};
/* End PBXSourcesBuildPhase section */

/* Begin PBXVariantGroup section */
		9581E43B13671FB60053D07A /* InfoPlist.strings */ = {
			isa = PBXVariantGroup;
			children = (
				9581E43C13671FB60053D07A /* en */,
			);
			name = InfoPlist.strings;
			sourceTree = "<group>";
		};
		9581E44113671FB60053D07A /* Credits.rtf */ = {
			isa = PBXVariantGroup;
			children = (
				9581E44213671FB60053D07A /* en */,
			);
			name = Credits.rtf;
			sourceTree = "<group>";
		};
		9581E44713671FB70053D07A /* MainMenu.xib */ = {
			isa = PBXVariantGroup;
			children = (
				9581E44813671FB70053D07A /* en */,
			);
			name = MainMenu.xib;
			sourceTree = "<group>";
		};
/* End PBXVariantGroup section */

/* Begin XCBuildConfiguration section */
		9581E44A13671FB70053D07A /* Debug */ = {
			isa = XCBuildConfiguration;
			buildSettings = {
				ARCHS = "$(ARCHS_STANDARD_32_64_BIT)";
				GCC_C_LANGUAGE_STANDARD = gnu99;
				GCC_OPTIMIZATION_LEVEL = 0;
				GCC_PREPROCESSOR_DEFINITIONS = DEBUG;
				GCC_SYMBOLS_PRIVATE_EXTERN = NO;
				GCC_VERSION = com.apple.compilers.llvm.clang.1_0;
				GCC_WARN_64_TO_32_BIT_CONVERSION = YES;
				GCC_WARN_ABOUT_RETURN_TYPE = YES;
				GCC_WARN_UNUSED_VARIABLE = YES;
				MACOSX_DEPLOYMENT_TARGET = 10.6;
				ONLY_ACTIVE_ARCH = YES;
				SDKROOT = macosx;
			};
			name = Debug;
		};
		9581E44B13671FB70053D07A /* Release */ = {
			isa = XCBuildConfiguration;
			buildSettings = {
				ARCHS = "$(ARCHS_STANDARD_32_64_BIT)";
				GCC_C_LANGUAGE_STANDARD = gnu99;
				GCC_VERSION = com.apple.compilers.llvm.clang.1_0;
				GCC_WARN_64_TO_32_BIT_CONVERSION = YES;
				GCC_WARN_ABOUT_RETURN_TYPE = YES;
				GCC_WARN_UNUSED_VARIABLE = YES;
				MACOSX_DEPLOYMENT_TARGET = 10.6;
				SDKROOT = macosx;
			};
			name = Release;
		};
		9581E44D13671FB70053D07A /* Debug */ = {
			isa = XCBuildConfiguration;
			buildSettings = {
				ALWAYS_SEARCH_USER_PATHS = NO;
				COPY_PHASE_STRIP = NO;
				GCC_DYNAMIC_NO_PIC = NO;
				GCC_ENABLE_OBJC_EXCEPTIONS = YES;
				GCC_PRECOMPILE_PREFIX_HEADER = YES;
				GCC_PREFIX_HEADER = "Supinfo-B2-Dev/Supinfo-B2-Dev-Prefix.pch";
				INFOPLIST_FILE = "Supinfo-B2-Dev/Supinfo-B2-Dev-Info.plist";
				PRODUCT_NAME = "$(TARGET_NAME)";
				WRAPPER_EXTENSION = app;
			};
			name = Debug;
		};
		9581E44E13671FB70053D07A /* Release */ = {
			isa = XCBuildConfiguration;
			buildSettings = {
				ALWAYS_SEARCH_USER_PATHS = NO;
				COPY_PHASE_STRIP = YES;
				DEBUG_INFORMATION_FORMAT = "dwarf-with-dsym";
				GCC_ENABLE_OBJC_EXCEPTIONS = YES;
				GCC_PRECOMPILE_PREFIX_HEADER = YES;
				GCC_PREFIX_HEADER = "Supinfo-B2-Dev/Supinfo-B2-Dev-Prefix.pch";
				INFOPLIST_FILE = "Supinfo-B2-Dev/Supinfo-B2-Dev-Info.plist";
				PRODUCT_NAME = "$(TARGET_NAME)";
				WRAPPER_EXTENSION = app;
			};
			name = Release;
		};
/* End XCBuildConfiguration section */

/* Begin XCConfigurationList section */
		9581E42813671FB60053D07A /* Build configuration list for PBXProject "Supinfo-B2-Dev" */ = {
			isa = XCConfigurationList;
			buildConfigurations = (
				9581E44A13671FB70053D07A /* Debug */,
				9581E44B13671FB70053D07A /* Release */,
			);
			defaultConfigurationIsVisible = 0;
			defaultConfigurationName = Release;
		};
		9581E44C13671FB70053D07A /* Build configuration list for PBXNativeTarget "Supinfo-B2-Dev" */ = {
			isa = XCConfigurationList;
			buildConfigurations = (
				9581E44D13671FB70053D07A /* Debug */,
				9581E44E13671FB70053D07A /* Release */,
			);
			defaultConfigurationIsVisible = 0;
			defaultConfigurationName = Release;
		};
/* End XCConfigurationList section */
	};
	rootObject = 9581E42513671FB60053D07A /* Project object */;
}
